{
  "name": "transaction-tracker",
  "version": "1.0.0",
  "lockfileVersion": 1,
  "requires": true,
  "dependencies": {
    "animate.css": {
      "version": "3.7.2",
      "resolved": "https://registry.npmjs.org/animate.css/-/animate.css-3.7.2.tgz",
      "integrity": "sha512-0bE8zYo7C0KvgOYrSVfrzkbYk6IOTVPNqkiHg2cbyF4Pq/PXzilz4BRWA3hwEUBoMp5VBgrC29lQIZyhRWdBTw=="
    },
    "bootstrap": {
      "version": "4.3.1",
      "resolved": "https://registry.npmjs.org/bootstrap/-/bootstrap-4.3.1.tgz",
      "integrity": "sha512-rXqOmH1VilAt2DyPzluTi2blhk17bO7ef+zLLPlWvG494pDxcM234pJ8wTc/6R40UWizAIIMgxjvxZg5kmsbag=="
    },
    "countup.js": {
      "version": "2.0.4",
      "resolved": "https://registry.npmjs.org/countup.js/-/countup.js-2.0.4.tgz",
      "integrity": "sha512-fb691q1Zo0UqVCsBJU1Q38hGkTHEz3GibaugY5mi67ATYdPQymMmeq9XM0HIT4ow0hLSvUNh6xEEwauLxJ85Aw=="
    }
  }
}
